// !$*UTF8*$!
{
	archiveVersion = 1;
	classes = {
	};
	objectVersion = 46;
	objects = {

/* Begin PBXBuildFile section */
		28B222DC19E34A1E006A2415 /* AppDelegate.swift in Sources */ = {isa = PBXBuildFile; fileRef = 28B222DB19E34A1E006A2415 /* AppDelegate.swift */; };
		28B222DE19E34A1E006A2415 /* ViewController.swift in Sources */ = {isa = PBXBuildFile; fileRef = 28B222DD19E34A1E006A2415 /* ViewController.swift */; };
		28B222E119E34A1E006A2415 /* Main.storyboard in Resources */ = {isa = PBXBuildFile; fileRef = 28B222DF19E34A1E006A2415 /* Main.storyboard */; };
		28B222E319E34A1E006A2415 /* Images.xcassets in Resources */ = {isa = PBXBuildFile; fileRef = 28B222E219E34A1E006A2415 /* Images.xcassets */; };
		28B222E619E34A1E006A2415 /* LaunchScreen.xib in Resources */ = {isa = PBXBuildFile; fileRef = 28B222E419E34A1E006A2415 /* LaunchScreen.xib */; };
		28B222F219E34A1E006A2415 /* SwiftWeatherTests.swift in Sources */ = {isa = PBXBuildFile; fileRef = 28B222F119E34A1E006A2415 /* SwiftWeatherTests.swift */; };
		28B222FC19E395CE006A2415 /* SavedLocationsTableViewController.swift in Sources */ = {isa = PBXBuildFile; fileRef = 28B222FB19E395CE006A2415 /* SavedLocationsTableViewController.swift */; };
		28B222FF19E3AD56006A2415 /* OpenSans-Regular.ttf in Resources */ = {isa = PBXBuildFile; fileRef = 28B222FD19E3AD56006A2415 /* OpenSans-Regular.ttf */; };
		28B2230019E3AD56006A2415 /* OpenSans-Semibold.ttf in Resources */ = {isa = PBXBuildFile; fileRef = 28B222FE19E3AD56006A2415 /* OpenSans-Semibold.ttf */; };
/* End PBXBuildFile section */

/* Begin PBXContainerItemProxy section */
		28B222EC19E34A1E006A2415 /* PBXContainerItemProxy */ = {
			isa = PBXContainerItemProxy;
			containerPortal = 28B222CE19E34A1E006A2415 /* Project object */;
			proxyType = 1;
			remoteGlobalIDString = 28B222D519E34A1E006A2415;
			remoteInfo = SwiftWeather;
		};
/* End PBXContainerItemProxy section */

/* Begin PBXFileReference section */
		28B222D619E34A1E006A2415 /* SwiftWeather.app */ = {isa = PBXFileReference; explicitFileType = wrapper.application; includeInIndex = 0; path = SwiftWeather.app; sourceTree = BUILT_PRODUCTS_DIR; };
		28B222DA19E34A1E006A2415 /* Info.plist */ = {isa = PBXFileReference; lastKnownFileType = text.plist.xml; path = Info.plist; sourceTree = "<group>"; };
		28B222DB19E34A1E006A2415 /* AppDelegate.swift */ = {isa = PBXFileReference; lastKnownFileType = sourcecode.swift; path = AppDelegate.swift; sourceTree = "<group>"; };
		28B222DD19E34A1E006A2415 /* ViewController.swift */ = {isa = PBXFileReference; lastKnownFileType = sourcecode.swift; path = ViewController.swift; sourceTree = "<group>"; };
		28B222E019E34A1E006A2415 /* Base */ = {isa = PBXFileReference; lastKnownFileType = file.storyboard; name = Base; path = Base.lproj/Main.storyboard; sourceTree = "<group>"; };
		28B222E219E34A1E006A2415 /* Images.xcassets */ = {isa = PBXFileReference; lastKnownFileType = folder.assetcatalog; path = Images.xcassets; sourceTree = "<group>"; };
		28B222E519E34A1E006A2415 /* Base */ = {isa = PBXFileReference; lastKnownFileType = file.xib; name = Base; path = Base.lproj/LaunchScreen.xib; sourceTree = "<group>"; };
		28B222EB19E34A1E006A2415 /* SwiftWeatherTests.xctest */ = {isa = PBXFileReference; explicitFileType = wrapper.cfbundle; includeInIndex = 0; path = SwiftWeatherTests.xctest; sourceTree = BUILT_PRODUCTS_DIR; };
		28B222F019E34A1E006A2415 /* Info.plist */ = {isa = PBXFileReference; lastKnownFileType = text.plist.xml; path = Info.plist; sourceTree = "<group>"; };
		28B222F119E34A1E006A2415 /* SwiftWeatherTests.swift */ = {isa = PBXFileReference; lastKnownFileType = sourcecode.swift; path = SwiftWeatherTests.swift; sourceTree = "<group>"; };
		28B222FB19E395CE006A2415 /* SavedLocationsTableViewController.swift */ = {isa = PBXFileReference; fileEncoding = 4; lastKnownFileType = sourcecode.swift; path = SavedLocationsTableViewController.swift; sourceTree = "<group>"; };
		28B222FD19E3AD56006A2415 /* OpenSans-Regular.ttf */ = {isa = PBXFileReference; lastKnownFileType = file; name = "OpenSans-Regular.ttf"; path = "../OpenSans-Regular.ttf"; sourceTree = "<group>"; };
		28B222FE19E3AD56006A2415 /* OpenSans-Semibold.ttf */ = {isa = PBXFileReference; lastKnownFileType = file; name = "OpenSans-Semibold.ttf"; path = "../OpenSans-Semibold.ttf"; sourceTree = "<group>"; };
/* End PBXFileReference section */

/* Begin PBXFrameworksBuildPhase section */
		28B222D319E34A1E006A2415 /* Frameworks */ = {
			isa = PBXFrameworksBuildPhase;
			buildActionMask = 2147483647;
			files = (
			);
			runOnlyForDeploymentPostprocessing = 0;
		};
		28B222E819E34A1E006A2415 /* Frameworks */ = {
			isa = PBXFrameworksBuildPhase;
			buildActionMask = 2147483647;
			files = (
			);
			runOnlyForDeploymentPostprocessing = 0;
		};
/* End PBXFrameworksBuildPhase section */

/* Begin PBXGroup section */
		28B222CD19E34A1E006A2415 = {
			isa = PBXGroup;
			children = (
				28B222D819E34A1E006A2415 /* SwiftWeather */,
				28B222EE19E34A1E006A2415 /* SwiftWeatherTests */,
				28B222D719E34A1E006A2415 /* Products */,
			);
			sourceTree = "<group>";
		};
		28B222D719E34A1E006A2415 /* Products */ = {
			isa = PBXGroup;
			children = (
				28B222D619E34A1E006A2415 /* SwiftWeather.app */,
				28B222EB19E34A1E006A2415 /* SwiftWeatherTests.xctest */,
			);
			name = Products;
			sourceTree = "<group>";
		};
		28B222D819E34A1E006A2415 /* SwiftWeather */ = {
			isa = PBXGroup;
			children = (
				28B222DB19E34A1E006A2415 /* AppDelegate.swift */,
				28B222DD19E34A1E006A2415 /* ViewController.swift */,
				28B222FB19E395CE006A2415 /* SavedLocationsTableViewController.swift */,
				28B222DF19E34A1E006A2415 /* Main.storyboard */,
				28B222E219E34A1E006A2415 /* Images.xcassets */,
				28B222E419E34A1E006A2415 /* LaunchScreen.xib */,
				28B222D919E34A1E006A2415 /* Supporting Files */,
			);
			path = SwiftWeather;
			sourceTree = "<group>";
		};
		28B222D919E34A1E006A2415 /* Supporting Files */ = {
			isa = PBXGroup;
			children = (
				28B222FD19E3AD56006A2415 /* OpenSans-Regular.ttf */,
				28B222FE19E3AD56006A2415 /* OpenSans-Semibold.ttf */,
				28B222DA19E34A1E006A2415 /* Info.plist */,
			);
			name = "Supporting Files";
			sourceTree = "<group>";
		};
		28B222EE19E34A1E006A2415 /* SwiftWeatherTests */ = {
			isa = PBXGroup;
			children = (
				28B222F119E34A1E006A2415 /* SwiftWeatherTests.swift */,
				28B222EF19E34A1E006A2415 /* Supporting Files */,
			);
			path = SwiftWeatherTests;
			sourceTree = "<group>";
		};
		28B222EF19E34A1E006A2415 /* Supporting Files */ = {
			isa = PBXGroup;
			children = (
				28B222F019E34A1E006A2415 /* Info.plist */,
			);
			name = "Supporting Files";
			sourceTree = "<group>";
		};
/* End PBXGroup section */

/* Begin PBXNativeTarget section */
		28B222D519E34A1E006A2415 /* SwiftWeather */ = {
			isa = PBXNativeTarget;
			buildConfigurationList = 28B222F519E34A1F006A2415 /* Build configuration list for PBXNativeTarget "SwiftWeather" */;
			buildPhases = (
				28B222D219E34A1E006A2415 /* Sources */,
				28B222D319E34A1E006A2415 /* Frameworks */,
				28B222D419E34A1E006A2415 /* Resources */,
			);
			buildRules = (
			);
			dependencies = (
			);
			name = SwiftWeather;
			productName = SwiftWeather;
			productReference = 28B222D619E34A1E006A2415 /* SwiftWeather.app */;
			productType = "com.apple.product-type.application";
		};
		28B222EA19E34A1E006A2415 /* SwiftWeatherTests */ = {
			isa = PBXNativeTarget;
			buildConfigurationList = 28B222F819E34A1F006A2415 /* Build configuration list for PBXNativeTarget "SwiftWeatherTests" */;
			buildPhases = (
				28B222E719E34A1E006A2415 /* Sources */,
				28B222E819E34A1E006A2415 /* Frameworks */,
				28B222E919E34A1E006A2415 /* Resources */,
			);
			buildRules = (
			);
			dependencies = (
				28B222ED19E34A1E006A2415 /* PBXTargetDependency */,
			);
			name = SwiftWeatherTests;
			productName = SwiftWeatherTests;
			productReference = 28B222EB19E34A1E006A2415 /* SwiftWeatherTests.xctest */;
			productType = "com.apple.product-type.bundle.unit-test";
		};
/* End PBXNativeTarget section */

/* Begin PBXProject section */
		28B222CE19E34A1E006A2415 /* Project object */ = {
			isa = PBXProject;
			attributes = {
				LastUpgradeCheck = 0600;
				ORGANIZATIONNAME = "Marshall Upshur";
				TargetAttributes = {
					28B222D519E34A1E006A2415 = {
						CreatedOnToolsVersion = 6.0.1;
					};
					28B222EA19E34A1E006A2415 = {
						CreatedOnToolsVersion = 6.0.1;
						TestTargetID = 28B222D519E34A1E006A2415;
					};
				};
			};
			buildConfigurationList = 28B222D119E34A1E006A2415 /* Build configuration list for PBXProject "SwiftWeather" */;
			compatibilityVersion = "Xcode 3.2";
			developmentRegion = English;
			hasScannedForEncodings = 0;
			knownRegions = (
				en,
				Base,
			);
			mainGroup = 28B222CD19E34A1E006A2415;
			productRefGroup = 28B222D719E34A1E006A2415 /* Products */;
			projectDirPath = "";
			projectRoot = "";
			targets = (
				28B222D519E34A1E006A2415 /* SwiftWeather */,
				28B222EA19E34A1E006A2415 /* SwiftWeatherTests */,
			);
		};
/* End PBXProject section */

/* Begin PBXResourcesBuildPhase section */
		28B222D419E34A1E006A2415 /* Resources */ = {
			isa = PBXResourcesBuildPhase;
			buildActionMask = 2147483647;
			files = (
				28B222E119E34A1E006A2415 /* Main.storyboard in Resources */,
				28B222E619E34A1E006A2415 /* LaunchScreen.xib in Resources */,
				28B222FF19E3AD56006A2415 /* OpenSans-Regular.ttf in Resources */,
				28B222E319E34A1E006A2415 /* Images.xcassets in Resources */,
				28B2230019E3AD56006A2415 /* OpenSans-Semibold.ttf in Resources */,
			);
			runOnlyForDeploymentPostprocessing = 0;
		};
		28B222E919E34A1E006A2415 /* Resources */ = {
			isa = PBXResourcesBuildPhase;
			buildActionMask = 2147483647;
			files = (
			);
			runOnlyForDeploymentPostprocessing = 0;
		};
/* End PBXResourcesBuildPhase section */

/* Begin PBXSourcesBuildPhase section */
		28B222D219E34A1E006A2415 /* Sources */ = {
			isa = PBXSourcesBuildPhase;
			buildActionMask = 2147483647;
			files = (
				28B222FC19E395CE006A2415 /* SavedLocationsTableViewController.swift in Sources */,
				28B222DE19E34A1E006A2415 /* ViewController.swift in Sources */,
				28B222DC19E34A1E006A2415 /* AppDelegate.swift in Sources */,
			);
			runOnlyForDeploymentPostprocessing = 0;
		};
		28B222E719E34A1E006A2415 /* Sources */ = {
			isa = PBXSourcesBuildPhase;
			buildActionMask = 2147483647;
			files = (
				28B222F219E34A1E006A2415 /* SwiftWeatherTests.swift in Sources */,
			);
			runOnlyForDeploymentPostprocessing = 0;
		};
/* End PBXSourcesBuildPhase section */

/* Begin PBXTargetDependency section */
		28B222ED19E34A1E006A2415 /* PBXTargetDependency */ = {
			isa = PBXTargetDependency;
			target = 28B222D519E34A1E006A2415 /* SwiftWeather */;
			targetProxy = 28B222EC19E34A1E006A2415 /* PBXContainerItemProxy */;
		};
/* End PBXTargetDependency section */

/* Begin PBXVariantGroup section */
		28B222DF19E34A1E006A2415 /* Main.storyboard */ = {
			isa = PBXVariantGroup;
			children = (
				28B222E019E34A1E006A2415 /* Base */,
			);
			name = Main.storyboard;
			sourceTree = "<group>";
		};
		28B222E419E34A1E006A2415 /* LaunchScreen.xib */ = {
			isa = PBXVariantGroup;
			children = (
				28B222E519E34A1E006A2415 /* Base */,
			);
			name = LaunchScreen.xib;
			sourceTree = "<group>";
		};
/* End PBXVariantGroup section */

/* Begin XCBuildConfiguration section */
		28B222F319E34A1F006A2415 /* Debug */ = {
			isa = XCBuildConfiguration;
			buildSettings = {
				ALWAYS_SEARCH_USER_PATHS = NO;
				CLANG_CXX_LANGUAGE_STANDARD = "gnu++0x";
				CLANG_CXX_LIBRARY = "libc++";
				CLANG_ENABLE_MODULES = YES;
				CLANG_ENABLE_OBJC_ARC = YES;
				CLANG_WARN_BOOL_CONVERSION = YES;
				CLANG_WARN_CONSTANT_CONVERSION = YES;
				CLANG_WARN_DIRECT_OBJC_ISA_USAGE = YES_ERROR;
				CLANG_WARN_EMPTY_BODY = YES;
				CLANG_WARN_ENUM_CONVERSION = YES;
				CLANG_WARN_INT_CONVERSION = YES;
				CLANG_WARN_OBJC_ROOT_CLASS = YES_ERROR;
				CLANG_WARN_UNREACHABLE_CODE = YES;
				CLANG_WARN__DUPLICATE_METHOD_MATCH = YES;
				"CODE_SIGN_IDENTITY[sdk=iphoneos*]" = "iPhone Developer";
				COPY_PHASE_STRIP = NO;
				ENABLE_STRICT_OBJC_MSGSEND = YES;
				GCC_C_LANGUAGE_STANDARD = gnu99;
				GCC_DYNAMIC_NO_PIC = NO;
				GCC_OPTIMIZATION_LEVEL = 0;
				GCC_PREPROCESSOR_DEFINITIONS = (
					"DEBUG=1",
					"$(inherited)",
				);
				GCC_SYMBOLS_PRIVATE_EXTERN = NO;
				GCC_WARN_64_TO_32_BIT_CONVERSION = YES;
				GCC_WARN_ABOUT_RETURN_TYPE = YES_ERROR;
				GCC_WARN_UNDECLARED_SELECTOR = YES;
				GCC_WARN_UNINITIALIZED_AUTOS = YES_AGGRESSIVE;
				GCC_WARN_UNUSED_FUNCTION = YES;
				GCC_WARN_UNUSED_VARIABLE = YES;
				IPHONEOS_DEPLOYMENT_TARGET = 8.0;
				MTL_ENABLE_DEBUG_INFO = YES;
				ONLY_ACTIVE_ARCH = YES;
				SDKROOT = iphoneos;
				SWIFT_OPTIMIZATION_LEVEL = "-Onone";
			};
			name = Debug;
		};
		28B222F419E34A1F006A2415 /* Release */ = {
			isa = XCBuildConfiguration;
			buildSettings = {
				ALWAYS_SEARCH_USER_PATHS = NO;
				CLANG_CXX_LANGUAGE_STANDARD = "gnu++0x";
				CLANG_CXX_LIBRARY = "libc++";
				CLANG_ENABLE_MODULES = YES;
				CLANG_ENABLE_OBJC_ARC = YES;
				CLANG_WARN_BOOL_CONVERSION = YES;
				CLANG_WARN_CONSTANT_CONVERSION = YES;
				CLANG_WARN_DIRECT_OBJC_ISA_USAGE = YES_ERROR;
				CLANG_WARN_EMPTY_BODY = YES;
				CLANG_WARN_ENUM_CONVERSION = YES;
				CLANG_WARN_INT_CONVERSION = YES;
				CLANG_WARN_OBJC_ROOT_CLASS = YES_ERROR;
				CLANG_WARN_UNREACHABLE_CODE = YES;
				CLANG_WARN__DUPLICATE_METHOD_MATCH = YES;
				"CODE_SIGN_IDENTITY[sdk=iphoneos*]" = "iPhone Developer";
				COPY_PHASE_STRIP = YES;
				ENABLE_NS_ASSERTIONS = NO;
				ENABLE_STRICT_OBJC_MSGSEND = YES;
				GCC_C_LANGUAGE_STANDARD = gnu99;
				GCC_WARN_64_TO_32_BIT_CONVERSION = YES;
				GCC_WARN_ABOUT_RETURN_TYPE = YES_ERROR;
				GCC_WARN_UNDECLARED_SELECTOR = YES;
				GCC_WARN_UNINITIALIZED_AUTOS = YES_AGGRESSIVE;
				GCC_WARN_UNUSED_FUNCTION = YES;
				GCC_WARN_UNUSED_VARIABLE = YES;
				IPHONEOS_DEPLOYMENT_TARGET = 8.0;
				MTL_ENABLE_DEBUG_INFO = NO;
				SDKROOT = iphoneos;
				VALIDATE_PRODUCT = YES;
			};
			name = Release;
		};
		28B222F619E34A1F006A2415 /* Debug */ = {
			isa = XCBuildConfiguration;
			buildSettings = {
				ASSETCATALOG_COMPILER_APPICON_NAME = AppIcon;
				INFOPLIST_FILE = SwiftWeather/Info.plist;
				LD_RUNPATH_SEARCH_PATHS = "$(inherited) @executable_path/Frameworks";
				PRODUCT_NAME = "$(TARGET_NAME)";
			};
			name = Debug;
		};
		28B222F719E34A1F006A2415 /* Release */ = {
			isa = XCBuildConfiguration;
			buildSettings = {
				ASSETCATALOG_COMPILER_APPICON_NAME = AppIcon;
				INFOPLIST_FILE = SwiftWeather/Info.plist;
				LD_RUNPATH_SEARCH_PATHS = "$(inherited) @executable_path/Frameworks";
				PRODUCT_NAME = "$(TARGET_NAME)";
			};
			name = Release;
		};
		28B222F919E34A1F006A2415 /* Debug */ = {
			isa = XCBuildConfiguration;
			buildSettings = {
				BUNDLE_LOADER = "$(TEST_HOST)";
				FRAMEWORK_SEARCH_PATHS = (
					"$(SDKROOT)/Developer/Library/Frameworks",
					"$(inherited)",
				);
				GCC_PREPROCESSOR_DEFINITIONS = (
					"DEBUG=1",
					"$(inherited)",
				);
				INFOPLIST_FILE = SwiftWeatherTests/Info.plist;
				LD_RUNPATH_SEARCH_PATHS = "$(inherited) @executable_path/Frameworks @loader_path/Frameworks";
				PRODUCT_NAME = "$(TARGET_NAME)";
				TEST_HOST = "$(BUILT_PRODUCTS_DIR)/SwiftWeather.app/SwiftWeather";
			};
			name = Debug;
		};
		28B222FA19E34A1F006A2415 /* Release */ = {
			isa = XCBuildConfiguration;
			buildSettings = {
				BUNDLE_LOADER = "$(TEST_HOST)";
				FRAMEWORK_SEARCH_PATHS = (
					"$(SDKROOT)/Developer/Library/Frameworks",
					"$(inherited)",
				);
				INFOPLIST_FILE = SwiftWeatherTests/Info.plist;
				LD_RUNPATH_SEARCH_PATHS = "$(inherited) @executable_path/Frameworks @loader_path/Frameworks";
				PRODUCT_NAME = "$(TARGET_NAME)";
				TEST_HOST = "$(BUILT_PRODUCTS_DIR)/SwiftWeather.app/SwiftWeather";
			};
			name = Release;
		};
/* End XCBuildConfiguration section */

/* Begin XCConfigurationList section */
		28B222D119E34A1E006A2415 /* Build configuration list for PBXProject "SwiftWeather" */ = {
			isa = XCConfigurationList;
			buildConfigurations = (
				28B222F319E34A1F006A2415 /* Debug */,
				28B222F419E34A1F006A2415 /* Release */,
			);
			defaultConfigurationIsVisible = 0;
			defaultConfigurationName = Release;
		};
		28B222F519E34A1F006A2415 /* Build configuration list for PBXNativeTarget "SwiftWeather" */ = {
			isa = XCConfigurationList;
			buildConfigurations = (
				28B222F619E34A1F006A2415 /* Debug */,
				28B222F719E34A1F006A2415 /* Release */,
			);
			defaultConfigurationIsVisible = 0;
		};
		28B222F819E34A1F006A2415 /* Build configuration list for PBXNativeTarget "SwiftWeatherTests" */ = {
			isa = XCConfigurationList;
			buildConfigurations = (
				28B222F919E34A1F006A2415 /* Debug */,
				28B222FA19E34A1F006A2415 /* Release */,
			);
			defaultConfigurationIsVisible = 0;
		};
/* End XCConfigurationList section */
	};
	rootObject = 28B222CE19E34A1E006A2415 /* Project object */;
}
